
Microsoft Visual Studio Solution File, Format Version 12.00
# Visual Studio Version 17
VisualStudioVersion = 17.5.002.0
MinimumVisualStudioVersion = 10.0.40219.1
Project("{9A19103F-16F7-4668-BE54-9A1E7A4F7556}") = "Minyada.nl", "Minyada.nl.csproj", "{999EDCB1-3A71-467B-AA88-42C1C085EEEC}"
EndProject
Global
	GlobalSection(SolutionConfigurationPlatforms) = preSolution
		Debug|Any CPU = Debug|Any CPU
		Release|Any CPU = Release|Any CPU
	EndGlobalSection
	GlobalSection(ProjectConfigurationPlatforms) = postSolution
		{999EDCB1-3A71-467B-AA88-42C1C085EEEC}.Debug|Any CPU.ActiveCfg = Debug|Any CPU
		{999EDCB1-3A71-467B-AA88-42C1C085EEEC}.Debug|Any CPU.Build.0 = Debug|Any CPU
		{999EDCB1-3A71-467B-AA88-42C1C085EEEC}.Release|Any CPU.ActiveCfg = Release|Any CPU
		{999EDCB1-3A71-467B-AA88-42C1C085EEEC}.Release|Any CPU.Build.0 = Release|Any CPU
	EndGlobalSection
	GlobalSection(SolutionProperties) = preSolution
		HideSolutionNode = FALSE
	EndGlobalSection
	GlobalSection(ExtensibilityGlobals) = postSolution
		SolutionGuid = {27F62874-9375-439E-84BF-0CFFA2FFE4D0}
	EndGlobalSection
EndGlobal
